
Microsoft Visual Studio Solution File, Format Version 11.00
# Visual Studio 2010
Project("{FAE04EC0-301F-11D3-BF4B-00C04F79EFBC}") = "Buddy.iOS.Sample", "Buddy.iOS.Sample\Buddy.iOS.Sample.csproj", "{3B1315FA-1819-4A9B-8D7A-57B439B800D5}"
EndProject
Global
	GlobalSection(SolutionConfigurationPlatforms) = preSolution
		Debug|iPhoneSimulator = Debug|iPhoneSimulator
		Release|iPhoneSimulator = Release|iPhoneSimulator
		Debug|iPhone = Debug|iPhone
		Release|iPhone = Release|iPhone
		Ad-Hoc|iPhone = Ad-Hoc|iPhone
		AppStore|iPhone = AppStore|iPhone
	EndGlobalSection
	GlobalSection(ProjectConfigurationPlatforms) = postSolution
		{3B1315FA-1819-4A9B-8D7A-57B439B800D5}.Ad-Hoc|iPhone.ActiveCfg = Ad-Hoc|iPhone
		{3B1315FA-1819-4A9B-8D7A-57B439B800D5}.Ad-Hoc|iPhone.Build.0 = Ad-Hoc|iPhone
		{3B1315FA-1819-4A9B-8D7A-57B439B800D5}.AppStore|iPhone.ActiveCfg = AppStore|iPhone
		{3B1315FA-1819-4A9B-8D7A-57B439B800D5}.AppStore|iPhone.Build.0 = AppStore|iPhone
		{3B1315FA-1819-4A9B-8D7A-57B439B800D5}.Debug|iPhone.ActiveCfg = Debug|iPhone
		{3B1315FA-1819-4A9B-8D7A-57B439B800D5}.Debug|iPhone.Build.0 = Debug|iPhone
		{3B1315FA-1819-4A9B-8D7A-57B439B800D5}.Debug|iPhoneSimulator.ActiveCfg = Debug|iPhoneSimulator
		{3B1315FA-1819-4A9B-8D7A-57B439B800D5}.Debug|iPhoneSimulator.Build.0 = Debug|iPhoneSimulator
		{3B1315FA-1819-4A9B-8D7A-57B439B800D5}.Release|iPhone.ActiveCfg = Release|iPhone
		{3B1315FA-1819-4A9B-8D7A-57B439B800D5}.Release|iPhone.Build.0 = Release|iPhone
		{3B1315FA-1819-4A9B-8D7A-57B439B800D5}.Release|iPhoneSimulator.ActiveCfg = Release|iPhoneSimulator
		{3B1315FA-1819-4A9B-8D7A-57B439B800D5}.Release|iPhoneSimulator.Build.0 = Release|iPhoneSimulator
	EndGlobalSection
	GlobalSection(MonoDevelopProperties) = preSolution
		StartupItem = Buddy.iOS.Sample\Buddy.iOS.Sample.csproj
	EndGlobalSection
EndGlobal
